// !$*UTF8*$!
{
	archiveVersion = 1;
	classes = {
	};
	objectVersion = 56;
	objects = {

/* Begin PBXBuildFile section */
		14BB1C7B2A0BB7CB009D247D /* WhatWouldMyCrewDoApp.swift in Sources */ = {isa = PBXBuildFile; fileRef = 14BB1C7A2A0BB7CB009D247D /* WhatWouldMyCrewDoApp.swift */; };
		14BB1C7F2A0BB7CC009D247D /* Assets.xcassets in Resources */ = {isa = PBXBuildFile; fileRef = 14BB1C7E2A0BB7CC009D247D /* Assets.xcassets */; };
		14BB1C822A0BB7CC009D247D /* Preview Assets.xcassets in Resources */ = {isa = PBXBuildFile; fileRef = 14BB1C812A0BB7CC009D247D /* Preview Assets.xcassets */; };
		14BB1C8C2A0BB7CC009D247D /* WhatWouldMyCrewDoTests.swift in Sources */ = {isa = PBXBuildFile; fileRef = 14BB1C8B2A0BB7CC009D247D /* WhatWouldMyCrewDoTests.swift */; };
		14BB1C962A0BB7CC009D247D /* WhatWouldMyCrewDoUITests.swift in Sources */ = {isa = PBXBuildFile; fileRef = 14BB1C952A0BB7CC009D247D /* WhatWouldMyCrewDoUITests.swift */; };
		14BB1C982A0BB7CC009D247D /* WhatWouldMyCrewDoUITestsLaunchTests.swift in Sources */ = {isa = PBXBuildFile; fileRef = 14BB1C972A0BB7CC009D247D /* WhatWouldMyCrewDoUITestsLaunchTests.swift */; };
		14BB1CA62A0BB893009D247D /* ViewType.swift in Sources */ = {isa = PBXBuildFile; fileRef = 14BB1CA52A0BB893009D247D /* ViewType.swift */; };
		14BB1CA92A0BC76E009D247D /* RootView.swift in Sources */ = {isa = PBXBuildFile; fileRef = 14BB1CA82A0BC76E009D247D /* RootView.swift */; };
		14BB1CAB2A0BC80C009D247D /* RateAndReviewView.swift in Sources */ = {isa = PBXBuildFile; fileRef = 14BB1CAA2A0BC80C009D247D /* RateAndReviewView.swift */; };
		14BB1CAD2A0BC8DD009D247D /* PlanTripView.swift in Sources */ = {isa = PBXBuildFile; fileRef = 14BB1CAC2A0BC8DD009D247D /* PlanTripView.swift */; };
		14BB1CAF2A0BC964009D247D /* ManageFriendsGroupView.swift in Sources */ = {isa = PBXBuildFile; fileRef = 14BB1CAE2A0BC964009D247D /* ManageFriendsGroupView.swift */; };
		14BB1CB12A0BC9A2009D247D /* ShareItineraryView.swift in Sources */ = {isa = PBXBuildFile; fileRef = 14BB1CB02A0BC9A2009D247D /* ShareItineraryView.swift */; };
		14BB1CB32A0BF0AC009D247D /* CurrentState.swift in Sources */ = {isa = PBXBuildFile; fileRef = 14BB1CB22A0BF0AC009D247D /* CurrentState.swift */; };
		14BB1CB52A0C0692009D247D /* TitleScreenView.swift in Sources */ = {isa = PBXBuildFile; fileRef = 14BB1CB42A0C0692009D247D /* TitleScreenView.swift */; };
		14BB1CB82A0E9697009D247D /* Colors.swift in Sources */ = {isa = PBXBuildFile; fileRef = 14BB1CB72A0E9697009D247D /* Colors.swift */; };
		14BB1CBA2A0EA0AD009D247D /* Styles.swift in Sources */ = {isa = PBXBuildFile; fileRef = 14BB1CB92A0EA0AD009D247D /* Styles.swift */; };
/* End PBXBuildFile section */

/* Begin PBXContainerItemProxy section */
		14BB1C882A0BB7CC009D247D /* PBXContainerItemProxy */ = {
			isa = PBXContainerItemProxy;
			containerPortal = 14BB1C6F2A0BB7CB009D247D /* Project object */;
			proxyType = 1;
			remoteGlobalIDString = 14BB1C762A0BB7CB009D247D;
			remoteInfo = WhatWouldMyCrewDo;
		};
		14BB1C922A0BB7CC009D247D /* PBXContainerItemProxy */ = {
			isa = PBXContainerItemProxy;
			containerPortal = 14BB1C6F2A0BB7CB009D247D /* Project object */;
			proxyType = 1;
			remoteGlobalIDString = 14BB1C762A0BB7CB009D247D;
			remoteInfo = WhatWouldMyCrewDo;
		};
/* End PBXContainerItemProxy section */

/* Begin PBXFileReference section */
		14BB1C772A0BB7CB009D247D /* WhatWouldMyCrewDo.app */ = {isa = PBXFileReference; explicitFileType = wrapper.application; includeInIndex = 0; path = WhatWouldMyCrewDo.app; sourceTree = BUILT_PRODUCTS_DIR; };
		14BB1C7A2A0BB7CB009D247D /* WhatWouldMyCrewDoApp.swift */ = {isa = PBXFileReference; lastKnownFileType = sourcecode.swift; path = WhatWouldMyCrewDoApp.swift; sourceTree = "<group>"; };
		14BB1C7E2A0BB7CC009D247D /* Assets.xcassets */ = {isa = PBXFileReference; lastKnownFileType = folder.assetcatalog; path = Assets.xcassets; sourceTree = "<group>"; };
		14BB1C812A0BB7CC009D247D /* Preview Assets.xcassets */ = {isa = PBXFileReference; lastKnownFileType = folder.assetcatalog; path = "Preview Assets.xcassets"; sourceTree = "<group>"; };
		14BB1C872A0BB7CC009D247D /* WhatWouldMyCrewDoTests.xctest */ = {isa = PBXFileReference; explicitFileType = wrapper.cfbundle; includeInIndex = 0; path = WhatWouldMyCrewDoTests.xctest; sourceTree = BUILT_PRODUCTS_DIR; };
		14BB1C8B2A0BB7CC009D247D /* WhatWouldMyCrewDoTests.swift */ = {isa = PBXFileReference; lastKnownFileType = sourcecode.swift; path = WhatWouldMyCrewDoTests.swift; sourceTree = "<group>"; };
		14BB1C912A0BB7CC009D247D /* WhatWouldMyCrewDoUITests.xctest */ = {isa = PBXFileReference; explicitFileType = wrapper.cfbundle; includeInIndex = 0; path = WhatWouldMyCrewDoUITests.xctest; sourceTree = BUILT_PRODUCTS_DIR; };
		14BB1C952A0BB7CC009D247D /* WhatWouldMyCrewDoUITests.swift */ = {isa = PBXFileReference; lastKnownFileType = sourcecode.swift; path = WhatWouldMyCrewDoUITests.swift; sourceTree = "<group>"; };
		14BB1C972A0BB7CC009D247D /* WhatWouldMyCrewDoUITestsLaunchTests.swift */ = {isa = PBXFileReference; lastKnownFileType = sourcecode.swift; path = WhatWouldMyCrewDoUITestsLaunchTests.swift; sourceTree = "<group>"; };
		14BB1CA52A0BB893009D247D /* ViewType.swift */ = {isa = PBXFileReference; lastKnownFileType = sourcecode.swift; path = ViewType.swift; sourceTree = "<group>"; };
		14BB1CA82A0BC76E009D247D /* RootView.swift */ = {isa = PBXFileReference; lastKnownFileType = sourcecode.swift; path = RootView.swift; sourceTree = "<group>"; };
		14BB1CAA2A0BC80C009D247D /* RateAndReviewView.swift */ = {isa = PBXFileReference; lastKnownFileType = sourcecode.swift; path = RateAndReviewView.swift; sourceTree = "<group>"; };
		14BB1CAC2A0BC8DD009D247D /* PlanTripView.swift */ = {isa = PBXFileReference; lastKnownFileType = sourcecode.swift; path = PlanTripView.swift; sourceTree = "<group>"; };
		14BB1CAE2A0BC964009D247D /* ManageFriendsGroupView.swift */ = {isa = PBXFileReference; lastKnownFileType = sourcecode.swift; path = ManageFriendsGroupView.swift; sourceTree = "<group>"; };
		14BB1CB02A0BC9A2009D247D /* ShareItineraryView.swift */ = {isa = PBXFileReference; lastKnownFileType = sourcecode.swift; path = ShareItineraryView.swift; sourceTree = "<group>"; };
		14BB1CB22A0BF0AC009D247D /* CurrentState.swift */ = {isa = PBXFileReference; lastKnownFileType = sourcecode.swift; path = CurrentState.swift; sourceTree = "<group>"; };
		14BB1CB42A0C0692009D247D /* TitleScreenView.swift */ = {isa = PBXFileReference; lastKnownFileType = sourcecode.swift; path = TitleScreenView.swift; sourceTree = "<group>"; };
		14BB1CB72A0E9697009D247D /* Colors.swift */ = {isa = PBXFileReference; lastKnownFileType = sourcecode.swift; path = Colors.swift; sourceTree = "<group>"; };
		14BB1CB92A0EA0AD009D247D /* Styles.swift */ = {isa = PBXFileReference; lastKnownFileType = sourcecode.swift; path = Styles.swift; sourceTree = "<group>"; };
/* End PBXFileReference section */

/* Begin PBXFrameworksBuildPhase section */
		14BB1C742A0BB7CB009D247D /* Frameworks */ = {
			isa = PBXFrameworksBuildPhase;
			buildActionMask = 2147483647;
			files = (
			);
			runOnlyForDeploymentPostprocessing = 0;
		};
		14BB1C842A0BB7CC009D247D /* Frameworks */ = {
			isa = PBXFrameworksBuildPhase;
			buildActionMask = 2147483647;
			files = (
			);
			runOnlyForDeploymentPostprocessing = 0;
		};
		14BB1C8E2A0BB7CC009D247D /* Frameworks */ = {
			isa = PBXFrameworksBuildPhase;
			buildActionMask = 2147483647;
			files = (
			);
			runOnlyForDeploymentPostprocessing = 0;
		};
/* End PBXFrameworksBuildPhase section */

/* Begin PBXGroup section */
		14BB1C6E2A0BB7CB009D247D = {
			isa = PBXGroup;
			children = (
				14BB1C792A0BB7CB009D247D /* WhatWouldMyCrewDo */,
				14BB1C8A2A0BB7CC009D247D /* WhatWouldMyCrewDoTests */,
				14BB1C942A0BB7CC009D247D /* WhatWouldMyCrewDoUITests */,
				14BB1C782A0BB7CB009D247D /* Products */,
			);
			sourceTree = "<group>";
		};
		14BB1C782A0BB7CB009D247D /* Products */ = {
			isa = PBXGroup;
			children = (
				14BB1C772A0BB7CB009D247D /* WhatWouldMyCrewDo.app */,
				14BB1C872A0BB7CC009D247D /* WhatWouldMyCrewDoTests.xctest */,
				14BB1C912A0BB7CC009D247D /* WhatWouldMyCrewDoUITests.xctest */,
			);
			name = Products;
			sourceTree = "<group>";
		};
		14BB1C792A0BB7CB009D247D /* WhatWouldMyCrewDo */ = {
			isa = PBXGroup;
			children = (
				14BB1C7A2A0BB7CB009D247D /* WhatWouldMyCrewDoApp.swift */,
				14BB1CB22A0BF0AC009D247D /* CurrentState.swift */,
				14BB1CA72A0BC743009D247D /* Views */,
				14BB1CA42A0BB86A009D247D /* Model */,
				14BB1CB62A0E9638009D247D /* Style */,
				14BB1C7E2A0BB7CC009D247D /* Assets.xcassets */,
				14BB1C802A0BB7CC009D247D /* Preview Content */,
			);
			path = WhatWouldMyCrewDo;
			sourceTree = "<group>";
		};
		14BB1C802A0BB7CC009D247D /* Preview Content */ = {
			isa = PBXGroup;
			children = (
				14BB1C812A0BB7CC009D247D /* Preview Assets.xcassets */,
			);
			path = "Preview Content";
			sourceTree = "<group>";
		};
		14BB1C8A2A0BB7CC009D247D /* WhatWouldMyCrewDoTests */ = {
			isa = PBXGroup;
			children = (
				14BB1C8B2A0BB7CC009D247D /* WhatWouldMyCrewDoTests.swift */,
			);
			path = WhatWouldMyCrewDoTests;
			sourceTree = "<group>";
		};
		14BB1C942A0BB7CC009D247D /* WhatWouldMyCrewDoUITests */ = {
			isa = PBXGroup;
			children = (
				14BB1C952A0BB7CC009D247D /* WhatWouldMyCrewDoUITests.swift */,
				14BB1C972A0BB7CC009D247D /* WhatWouldMyCrewDoUITestsLaunchTests.swift */,
			);
			path = WhatWouldMyCrewDoUITests;
			sourceTree = "<group>";
		};
		14BB1CA42A0BB86A009D247D /* Model */ = {
			isa = PBXGroup;
			children = (
				14BB1CA52A0BB893009D247D /* ViewType.swift */,
			);
			path = Model;
			sourceTree = "<group>";
		};
		14BB1CA72A0BC743009D247D /* Views */ = {
			isa = PBXGroup;
			children = (
				14BB1CA82A0BC76E009D247D /* RootView.swift */,
				14BB1CAA2A0BC80C009D247D /* RateAndReviewView.swift */,
				14BB1CAC2A0BC8DD009D247D /* PlanTripView.swift */,
				14BB1CAE2A0BC964009D247D /* ManageFriendsGroupView.swift */,
				14BB1CB02A0BC9A2009D247D /* ShareItineraryView.swift */,
				14BB1CB42A0C0692009D247D /* TitleScreenView.swift */,
			);
			path = Views;
			sourceTree = "<group>";
		};
		14BB1CB62A0E9638009D247D /* Style */ = {
			isa = PBXGroup;
			children = (
				14BB1CB72A0E9697009D247D /* Colors.swift */,
				14BB1CB92A0EA0AD009D247D /* Styles.swift */,
			);
			path = Style;
			sourceTree = "<group>";
		};
/* End PBXGroup section */

/* Begin PBXNativeTarget section */
		14BB1C762A0BB7CB009D247D /* WhatWouldMyCrewDo */ = {
			isa = PBXNativeTarget;
			buildConfigurationList = 14BB1C9B2A0BB7CC009D247D /* Build configuration list for PBXNativeTarget "WhatWouldMyCrewDo" */;
			buildPhases = (
				14BB1C732A0BB7CB009D247D /* Sources */,
				14BB1C742A0BB7CB009D247D /* Frameworks */,
				14BB1C752A0BB7CB009D247D /* Resources */,
			);
			buildRules = (
			);
			dependencies = (
			);
			name = WhatWouldMyCrewDo;
			productName = WhatWouldMyCrewDo;
			productReference = 14BB1C772A0BB7CB009D247D /* WhatWouldMyCrewDo.app */;
			productType = "com.apple.product-type.application";
		};
		14BB1C862A0BB7CC009D247D /* WhatWouldMyCrewDoTests */ = {
			isa = PBXNativeTarget;
			buildConfigurationList = 14BB1C9E2A0BB7CC009D247D /* Build configuration list for PBXNativeTarget "WhatWouldMyCrewDoTests" */;
			buildPhases = (
				14BB1C832A0BB7CC009D247D /* Sources */,
				14BB1C842A0BB7CC009D247D /* Frameworks */,
				14BB1C852A0BB7CC009D247D /* Resources */,
			);
			buildRules = (
			);
			dependencies = (
				14BB1C892A0BB7CC009D247D /* PBXTargetDependency */,
			);
			name = WhatWouldMyCrewDoTests;
			productName = WhatWouldMyCrewDoTests;
			productReference = 14BB1C872A0BB7CC009D247D /* WhatWouldMyCrewDoTests.xctest */;
			productType = "com.apple.product-type.bundle.unit-test";
		};
		14BB1C902A0BB7CC009D247D /* WhatWouldMyCrewDoUITests */ = {
			isa = PBXNativeTarget;
			buildConfigurationList = 14BB1CA12A0BB7CC009D247D /* Build configuration list for PBXNativeTarget "WhatWouldMyCrewDoUITests" */;
			buildPhases = (
				14BB1C8D2A0BB7CC009D247D /* Sources */,
				14BB1C8E2A0BB7CC009D247D /* Frameworks */,
				14BB1C8F2A0BB7CC009D247D /* Resources */,
			);
			buildRules = (
			);
			dependencies = (
				14BB1C932A0BB7CC009D247D /* PBXTargetDependency */,
			);
			name = WhatWouldMyCrewDoUITests;
			productName = WhatWouldMyCrewDoUITests;
			productReference = 14BB1C912A0BB7CC009D247D /* WhatWouldMyCrewDoUITests.xctest */;
			productType = "com.apple.product-type.bundle.ui-testing";
		};
/* End PBXNativeTarget section */

/* Begin PBXProject section */
		14BB1C6F2A0BB7CB009D247D /* Project object */ = {
			isa = PBXProject;
			attributes = {
				BuildIndependentTargetsInParallel = 1;
				LastSwiftUpdateCheck = 1430;
				LastUpgradeCheck = 1430;
				TargetAttributes = {
					14BB1C762A0BB7CB009D247D = {
						CreatedOnToolsVersion = 14.3;
					};
					14BB1C862A0BB7CC009D247D = {
						CreatedOnToolsVersion = 14.3;
						TestTargetID = 14BB1C762A0BB7CB009D247D;
					};
					14BB1C902A0BB7CC009D247D = {
						CreatedOnToolsVersion = 14.3;
						TestTargetID = 14BB1C762A0BB7CB009D247D;
					};
				};
			};
			buildConfigurationList = 14BB1C722A0BB7CB009D247D /* Build configuration list for PBXProject "WhatWouldMyCrewDo" */;
			compatibilityVersion = "Xcode 14.0";
			developmentRegion = en;
			hasScannedForEncodings = 0;
			knownRegions = (
				en,
				Base,
			);
			mainGroup = 14BB1C6E2A0BB7CB009D247D;
			productRefGroup = 14BB1C782A0BB7CB009D247D /* Products */;
			projectDirPath = "";
			projectRoot = "";
			targets = (
				14BB1C762A0BB7CB009D247D /* WhatWouldMyCrewDo */,
				14BB1C862A0BB7CC009D247D /* WhatWouldMyCrewDoTests */,
				14BB1C902A0BB7CC009D247D /* WhatWouldMyCrewDoUITests */,
			);
		};
/* End PBXProject section */

/* Begin PBXResourcesBuildPhase section */
		14BB1C752A0BB7CB009D247D /* Resources */ = {
			isa = PBXResourcesBuildPhase;
			buildActionMask = 2147483647;
			files = (
				14BB1C822A0BB7CC009D247D /* Preview Assets.xcassets in Resources */,
				14BB1C7F2A0BB7CC009D247D /* Assets.xcassets in Resources */,
			);
			runOnlyForDeploymentPostprocessing = 0;
		};
		14BB1C852A0BB7CC009D247D /* Resources */ = {
			isa = PBXResourcesBuildPhase;
			buildActionMask = 2147483647;
			files = (
			);
			runOnlyForDeploymentPostprocessing = 0;
		};
		14BB1C8F2A0BB7CC009D247D /* Resources */ = {
			isa = PBXResourcesBuildPhase;
			buildActionMask = 2147483647;
			files = (
			);
			runOnlyForDeploymentPostprocessing = 0;
		};
/* End PBXResourcesBuildPhase section */

/* Begin PBXSourcesBuildPhase section */
		14BB1C732A0BB7CB009D247D /* Sources */ = {
			isa = PBXSourcesBuildPhase;
			buildActionMask = 2147483647;
			files = (
				14BB1CBA2A0EA0AD009D247D /* Styles.swift in Sources */,
				14BB1CB32A0BF0AC009D247D /* CurrentState.swift in Sources */,
				14BB1CB82A0E9697009D247D /* Colors.swift in Sources */,
				14BB1CA62A0BB893009D247D /* ViewType.swift in Sources */,
				14BB1CAD2A0BC8DD009D247D /* PlanTripView.swift in Sources */,
				14BB1CB12A0BC9A2009D247D /* ShareItineraryView.swift in Sources */,
				14BB1CB52A0C0692009D247D /* TitleScreenView.swift in Sources */,
				14BB1CA92A0BC76E009D247D /* RootView.swift in Sources */,
				14BB1CAB2A0BC80C009D247D /* RateAndReviewView.swift in Sources */,
				14BB1C7B2A0BB7CB009D247D /* WhatWouldMyCrewDoApp.swift in Sources */,
				14BB1CAF2A0BC964009D247D /* ManageFriendsGroupView.swift in Sources */,
			);
			runOnlyForDeploymentPostprocessing = 0;
		};
		14BB1C832A0BB7CC009D247D /* Sources */ = {
			isa = PBXSourcesBuildPhase;
			buildActionMask = 2147483647;
			files = (
				14BB1C8C2A0BB7CC009D247D /* WhatWouldMyCrewDoTests.swift in Sources */,
			);
			runOnlyForDeploymentPostprocessing = 0;
		};
		14BB1C8D2A0BB7CC009D247D /* Sources */ = {
			isa = PBXSourcesBuildPhase;
			buildActionMask = 2147483647;
			files = (
				14BB1C982A0BB7CC009D247D /* WhatWouldMyCrewDoUITestsLaunchTests.swift in Sources */,
				14BB1C962A0BB7CC009D247D /* WhatWouldMyCrewDoUITests.swift in Sources */,
			);
			runOnlyForDeploymentPostprocessing = 0;
		};
/* End PBXSourcesBuildPhase section */

/* Begin PBXTargetDependency section */
		14BB1C892A0BB7CC009D247D /* PBXTargetDependency */ = {
			isa = PBXTargetDependency;
			target = 14BB1C762A0BB7CB009D247D /* WhatWouldMyCrewDo */;
			targetProxy = 14BB1C882A0BB7CC009D247D /* PBXContainerItemProxy */;
		};
		14BB1C932A0BB7CC009D247D /* PBXTargetDependency */ = {
			isa = PBXTargetDependency;
			target = 14BB1C762A0BB7CB009D247D /* WhatWouldMyCrewDo */;
			targetProxy = 14BB1C922A0BB7CC009D247D /* PBXContainerItemProxy */;
		};
/* End PBXTargetDependency section */

/* Begin XCBuildConfiguration section */
		14BB1C992A0BB7CC009D247D /* Debug */ = {
			isa = XCBuildConfiguration;
			buildSettings = {
				ALWAYS_SEARCH_USER_PATHS = NO;
				CLANG_ANALYZER_NONNULL = YES;
				CLANG_ANALYZER_NUMBER_OBJECT_CONVERSION = YES_AGGRESSIVE;
				CLANG_CXX_LANGUAGE_STANDARD = "gnu++20";
				CLANG_ENABLE_MODULES = YES;
				CLANG_ENABLE_OBJC_ARC = YES;
				CLANG_ENABLE_OBJC_WEAK = YES;
				CLANG_WARN_BLOCK_CAPTURE_AUTORELEASING = YES;
				CLANG_WARN_BOOL_CONVERSION = YES;
				CLANG_WARN_COMMA = YES;
				CLANG_WARN_CONSTANT_CONVERSION = YES;
				CLANG_WARN_DEPRECATED_OBJC_IMPLEMENTATIONS = YES;
				CLANG_WARN_DIRECT_OBJC_ISA_USAGE = YES_ERROR;
				CLANG_WARN_DOCUMENTATION_COMMENTS = YES;
				CLANG_WARN_EMPTY_BODY = YES;
				CLANG_WARN_ENUM_CONVERSION = YES;
				CLANG_WARN_INFINITE_RECURSION = YES;
				CLANG_WARN_INT_CONVERSION = YES;
				CLANG_WARN_NON_LITERAL_NULL_CONVERSION = YES;
				CLANG_WARN_OBJC_IMPLICIT_RETAIN_SELF = YES;
				CLANG_WARN_OBJC_LITERAL_CONVERSION = YES;
				CLANG_WARN_OBJC_ROOT_CLASS = YES_ERROR;
				CLANG_WARN_QUOTED_INCLUDE_IN_FRAMEWORK_HEADER = YES;
				CLANG_WARN_RANGE_LOOP_ANALYSIS = YES;
				CLANG_WARN_STRICT_PROTOTYPES = YES;
				CLANG_WARN_SUSPICIOUS_MOVE = YES;
				CLANG_WARN_UNGUARDED_AVAILABILITY = YES_AGGRESSIVE;
				CLANG_WARN_UNREACHABLE_CODE = YES;
				CLANG_WARN__DUPLICATE_METHOD_MATCH = YES;
				COPY_PHASE_STRIP = NO;
				DEBUG_INFORMATION_FORMAT = dwarf;
				ENABLE_STRICT_OBJC_MSGSEND = YES;
				ENABLE_TESTABILITY = YES;
				GCC_C_LANGUAGE_STANDARD = gnu11;
				GCC_DYNAMIC_NO_PIC = NO;
				GCC_NO_COMMON_BLOCKS = YES;
				GCC_OPTIMIZATION_LEVEL = 0;
				GCC_PREPROCESSOR_DEFINITIONS = (
					"DEBUG=1",
					"$(inherited)",
				);
				GCC_WARN_64_TO_32_BIT_CONVERSION = YES;
				GCC_WARN_ABOUT_RETURN_TYPE = YES_ERROR;
				GCC_WARN_UNDECLARED_SELECTOR = YES;
				GCC_WARN_UNINITIALIZED_AUTOS = YES_AGGRESSIVE;
				GCC_WARN_UNUSED_FUNCTION = YES;
				GCC_WARN_UNUSED_VARIABLE = YES;
				IPHONEOS_DEPLOYMENT_TARGET = 16.4;
				MTL_ENABLE_DEBUG_INFO = INCLUDE_SOURCE;
				MTL_FAST_MATH = YES;
				ONLY_ACTIVE_ARCH = YES;
				SDKROOT = iphoneos;
				SWIFT_ACTIVE_COMPILATION_CONDITIONS = DEBUG;
				SWIFT_OPTIMIZATION_LEVEL = "-Onone";
			};
			name = Debug;
		};
		14BB1C9A2A0BB7CC009D247D /* Release */ = {
			isa = XCBuildConfiguration;
			buildSettings = {
				ALWAYS_SEARCH_USER_PATHS = NO;
				CLANG_ANALYZER_NONNULL = YES;
				CLANG_ANALYZER_NUMBER_OBJECT_CONVERSION = YES_AGGRESSIVE;
				CLANG_CXX_LANGUAGE_STANDARD = "gnu++20";
				CLANG_ENABLE_MODULES = YES;
				CLANG_ENABLE_OBJC_ARC = YES;
				CLANG_ENABLE_OBJC_WEAK = YES;
				CLANG_WARN_BLOCK_CAPTURE_AUTORELEASING = YES;
				CLANG_WARN_BOOL_CONVERSION = YES;
				CLANG_WARN_COMMA = YES;
				CLANG_WARN_CONSTANT_CONVERSION = YES;
				CLANG_WARN_DEPRECATED_OBJC_IMPLEMENTATIONS = YES;
				CLANG_WARN_DIRECT_OBJC_ISA_USAGE = YES_ERROR;
				CLANG_WARN_DOCUMENTATION_COMMENTS = YES;
				CLANG_WARN_EMPTY_BODY = YES;
				CLANG_WARN_ENUM_CONVERSION = YES;
				CLANG_WARN_INFINITE_RECURSION = YES;
				CLANG_WARN_INT_CONVERSION = YES;
				CLANG_WARN_NON_LITERAL_NULL_CONVERSION = YES;
				CLANG_WARN_OBJC_IMPLICIT_RETAIN_SELF = YES;
				CLANG_WARN_OBJC_LITERAL_CONVERSION = YES;
				CLANG_WARN_OBJC_ROOT_CLASS = YES_ERROR;
				CLANG_WARN_QUOTED_INCLUDE_IN_FRAMEWORK_HEADER = YES;
				CLANG_WARN_RANGE_LOOP_ANALYSIS = YES;
				CLANG_WARN_STRICT_PROTOTYPES = YES;
				CLANG_WARN_SUSPICIOUS_MOVE = YES;
				CLANG_WARN_UNGUARDED_AVAILABILITY = YES_AGGRESSIVE;
				CLANG_WARN_UNREACHABLE_CODE = YES;
				CLANG_WARN__DUPLICATE_METHOD_MATCH = YES;
				COPY_PHASE_STRIP = NO;
				DEBUG_INFORMATION_FORMAT = "dwarf-with-dsym";
				ENABLE_NS_ASSERTIONS = NO;
				ENABLE_STRICT_OBJC_MSGSEND = YES;
				GCC_C_LANGUAGE_STANDARD = gnu11;
				GCC_NO_COMMON_BLOCKS = YES;
				GCC_WARN_64_TO_32_BIT_CONVERSION = YES;
				GCC_WARN_ABOUT_RETURN_TYPE = YES_ERROR;
				GCC_WARN_UNDECLARED_SELECTOR = YES;
				GCC_WARN_UNINITIALIZED_AUTOS = YES_AGGRESSIVE;
				GCC_WARN_UNUSED_FUNCTION = YES;
				GCC_WARN_UNUSED_VARIABLE = YES;
				IPHONEOS_DEPLOYMENT_TARGET = 16.4;
				MTL_ENABLE_DEBUG_INFO = NO;
				MTL_FAST_MATH = YES;
				SDKROOT = iphoneos;
				SWIFT_COMPILATION_MODE = wholemodule;
				SWIFT_OPTIMIZATION_LEVEL = "-O";
				VALIDATE_PRODUCT = YES;
			};
			name = Release;
		};
		14BB1C9C2A0BB7CC009D247D /* Debug */ = {
			isa = XCBuildConfiguration;
			buildSettings = {
				ASSETCATALOG_COMPILER_APPICON_NAME = AppIcon;
				ASSETCATALOG_COMPILER_GLOBAL_ACCENT_COLOR_NAME = AccentColor;
				CODE_SIGN_STYLE = Automatic;
				CURRENT_PROJECT_VERSION = 1;
				DEVELOPMENT_ASSET_PATHS = "\"WhatWouldMyCrewDo/Preview Content\"";
				ENABLE_PREVIEWS = YES;
				GENERATE_INFOPLIST_FILE = YES;
				INFOPLIST_KEY_UIApplicationSceneManifest_Generation = YES;
				INFOPLIST_KEY_UIApplicationSupportsIndirectInputEvents = YES;
				INFOPLIST_KEY_UILaunchScreen_Generation = YES;
				INFOPLIST_KEY_UISupportedInterfaceOrientations_iPad = "UIInterfaceOrientationPortrait UIInterfaceOrientationPortraitUpsideDown UIInterfaceOrientationLandscapeLeft UIInterfaceOrientationLandscapeRight";
				INFOPLIST_KEY_UISupportedInterfaceOrientations_iPhone = "UIInterfaceOrientationPortrait UIInterfaceOrientationLandscapeLeft UIInterfaceOrientationLandscapeRight";
				LD_RUNPATH_SEARCH_PATHS = (
					"$(inherited)",
					"@executable_path/Frameworks",
				);
				MARKETING_VERSION = 1.0;
				PRODUCT_BUNDLE_IDENTIFIER = mikinet.WhatWouldMyCrewDo;
				PRODUCT_NAME = "$(TARGET_NAME)";
				SWIFT_EMIT_LOC_STRINGS = YES;
				SWIFT_VERSION = 5.0;
				TARGETED_DEVICE_FAMILY = "1,2";
			};
			name = Debug;
		};
		14BB1C9D2A0BB7CC009D247D /* Release */ = {
			isa = XCBuildConfiguration;
			buildSettings = {
				ASSETCATALOG_COMPILER_APPICON_NAME = AppIcon;
				ASSETCATALOG_COMPILER_GLOBAL_ACCENT_COLOR_NAME = AccentColor;
				CODE_SIGN_STYLE = Automatic;
				CURRENT_PROJECT_VERSION = 1;
				DEVELOPMENT_ASSET_PATHS = "\"WhatWouldMyCrewDo/Preview Content\"";
				ENABLE_PREVIEWS = YES;
				GENERATE_INFOPLIST_FILE = YES;
				INFOPLIST_KEY_UIApplicationSceneManifest_Generation = YES;
				INFOPLIST_KEY_UIApplicationSupportsIndirectInputEvents = YES;
				INFOPLIST_KEY_UILaunchScreen_Generation = YES;
				INFOPLIST_KEY_UISupportedInterfaceOrientations_iPad = "UIInterfaceOrientationPortrait UIInterfaceOrientationPortraitUpsideDown UIInterfaceOrientationLandscapeLeft UIInterfaceOrientationLandscapeRight";
				INFOPLIST_KEY_UISupportedInterfaceOrientations_iPhone = "UIInterfaceOrientationPortrait UIInterfaceOrientationLandscapeLeft UIInterfaceOrientationLandscapeRight";
				LD_RUNPATH_SEARCH_PATHS = (
					"$(inherited)",
					"@executable_path/Frameworks",
				);
				MARKETING_VERSION = 1.0;
				PRODUCT_BUNDLE_IDENTIFIER = mikinet.WhatWouldMyCrewDo;
				PRODUCT_NAME = "$(TARGET_NAME)";
				SWIFT_EMIT_LOC_STRINGS = YES;
				SWIFT_VERSION = 5.0;
				TARGETED_DEVICE_FAMILY = "1,2";
			};
			name = Release;
		};
		14BB1C9F2A0BB7CC009D247D /* Debug */ = {
			isa = XCBuildConfiguration;
			buildSettings = {
				ALWAYS_EMBED_SWIFT_STANDARD_LIBRARIES = YES;
				BUNDLE_LOADER = "$(TEST_HOST)";
				CODE_SIGN_STYLE = Automatic;
				CURRENT_PROJECT_VERSION = 1;
				GENERATE_INFOPLIST_FILE = YES;
				IPHONEOS_DEPLOYMENT_TARGET = 16.4;
				MARKETING_VERSION = 1.0;
				PRODUCT_BUNDLE_IDENTIFIER = mikinet.WhatWouldMyCrewDoTests;
				PRODUCT_NAME = "$(TARGET_NAME)";
				SWIFT_EMIT_LOC_STRINGS = NO;
				SWIFT_VERSION = 5.0;
				TARGETED_DEVICE_FAMILY = "1,2";
				TEST_HOST = "$(BUILT_PRODUCTS_DIR)/WhatWouldMyCrewDo.app/$(BUNDLE_EXECUTABLE_FOLDER_PATH)/WhatWouldMyCrewDo";
			};
			name = Debug;
		};
		14BB1CA02A0BB7CC009D247D /* Release */ = {
			isa = XCBuildConfiguration;
			buildSettings = {
				ALWAYS_EMBED_SWIFT_STANDARD_LIBRARIES = YES;
				BUNDLE_LOADER = "$(TEST_HOST)";
				CODE_SIGN_STYLE = Automatic;
				CURRENT_PROJECT_VERSION = 1;
				GENERATE_INFOPLIST_FILE = YES;
				IPHONEOS_DEPLOYMENT_TARGET = 16.4;
				MARKETING_VERSION = 1.0;
				PRODUCT_BUNDLE_IDENTIFIER = mikinet.WhatWouldMyCrewDoTests;
				PRODUCT_NAME = "$(TARGET_NAME)";
				SWIFT_EMIT_LOC_STRINGS = NO;
				SWIFT_VERSION = 5.0;
				TARGETED_DEVICE_FAMILY = "1,2";
				TEST_HOST = "$(BUILT_PRODUCTS_DIR)/WhatWouldMyCrewDo.app/$(BUNDLE_EXECUTABLE_FOLDER_PATH)/WhatWouldMyCrewDo";
			};
			name = Release;
		};
		14BB1CA22A0BB7CC009D247D /* Debug */ = {
			isa = XCBuildConfiguration;
			buildSettings = {
				ALWAYS_EMBED_SWIFT_STANDARD_LIBRARIES = YES;
				CODE_SIGN_STYLE = Automatic;
				CURRENT_PROJECT_VERSION = 1;
				GENERATE_INFOPLIST_FILE = YES;
				MARKETING_VERSION = 1.0;
				PRODUCT_BUNDLE_IDENTIFIER = mikinet.WhatWouldMyCrewDoUITests;
				PRODUCT_NAME = "$(TARGET_NAME)";
				SWIFT_EMIT_LOC_STRINGS = NO;
				SWIFT_VERSION = 5.0;
				TARGETED_DEVICE_FAMILY = "1,2";
				TEST_TARGET_NAME = WhatWouldMyCrewDo;
			};
			name = Debug;
		};
		14BB1CA32A0BB7CC009D247D /* Release */ = {
			isa = XCBuildConfiguration;
			buildSettings = {
				ALWAYS_EMBED_SWIFT_STANDARD_LIBRARIES = YES;
				CODE_SIGN_STYLE = Automatic;
				CURRENT_PROJECT_VERSION = 1;
				GENERATE_INFOPLIST_FILE = YES;
				MARKETING_VERSION = 1.0;
				PRODUCT_BUNDLE_IDENTIFIER = mikinet.WhatWouldMyCrewDoUITests;
				PRODUCT_NAME = "$(TARGET_NAME)";
				SWIFT_EMIT_LOC_STRINGS = NO;
				SWIFT_VERSION = 5.0;
				TARGETED_DEVICE_FAMILY = "1,2";
				TEST_TARGET_NAME = WhatWouldMyCrewDo;
			};
			name = Release;
		};
/* End XCBuildConfiguration section */

/* Begin XCConfigurationList section */
		14BB1C722A0BB7CB009D247D /* Build configuration list for PBXProject "WhatWouldMyCrewDo" */ = {
			isa = XCConfigurationList;
			buildConfigurations = (
				14BB1C992A0BB7CC009D247D /* Debug */,
				14BB1C9A2A0BB7CC009D247D /* Release */,
			);
			defaultConfigurationIsVisible = 0;
			defaultConfigurationName = Release;
		};
		14BB1C9B2A0BB7CC009D247D /* Build configuration list for PBXNativeTarget "WhatWouldMyCrewDo" */ = {
			isa = XCConfigurationList;
			buildConfigurations = (
				14BB1C9C2A0BB7CC009D247D /* Debug */,
				14BB1C9D2A0BB7CC009D247D /* Release */,
			);
			defaultConfigurationIsVisible = 0;
			defaultConfigurationName = Release;
		};
		14BB1C9E2A0BB7CC009D247D /* Build configuration list for PBXNativeTarget "WhatWouldMyCrewDoTests" */ = {
			isa = XCConfigurationList;
			buildConfigurations = (
				14BB1C9F2A0BB7CC009D247D /* Debug */,
				14BB1CA02A0BB7CC009D247D /* Release */,
			);
			defaultConfigurationIsVisible = 0;
			defaultConfigurationName = Release;
		};
		14BB1CA12A0BB7CC009D247D /* Build configuration list for PBXNativeTarget "WhatWouldMyCrewDoUITests" */ = {
			isa = XCConfigurationList;
			buildConfigurations = (
				14BB1CA22A0BB7CC009D247D /* Debug */,
				14BB1CA32A0BB7CC009D247D /* Release */,
			);
			defaultConfigurationIsVisible = 0;
			defaultConfigurationName = Release;
		};
/* End XCConfigurationList section */
	};
	rootObject = 14BB1C6F2A0BB7CB009D247D /* Project object */;
}
